{
  "name": "Arithmetic",
  "version": "1.0.0",
  "lockfileVersion": 1,
  "requires": true,
  "dependencies": {
    "markdown-it-container": {
      "version": "2.0.0",
      "resolved": "https://registry.npmjs.org/markdown-it-container/-/markdown-it-container-2.0.0.tgz",
      "integrity": "sha1-ABm0P9Au7+zi8ZYKKJX7qBpARpU=",
      "dev": true
    },
    "vuepress-plugin-container": {
      "version": "2.1.4",
      "resolved": "https://registry.npmjs.org/vuepress-plugin-container/-/vuepress-plugin-container-2.1.4.tgz",
      "integrity": "sha512-l+EkeL+rC6DJch1wAZUFIkNDaz2TNOg4NQTHa3yMAsYkC+QaSRubGdN6YwOSmfjxVmM9s9D3gwBWw0O7OBhqRg==",
      "dev": true,
      "requires": {
        "markdown-it-container": "^2.0.0"
      }
    },
    "vuepress-plugin-demo-block": {
      "version": "0.7.2",
      "resolved": "https://registry.npmjs.org/vuepress-plugin-demo-block/-/vuepress-plugin-demo-block-0.7.2.tgz",
      "integrity": "sha512-0k7z7bTjXoXgdAMVFIVn3RFSQpKOM0yvD0hf/CA0gMCLBih77mCALtEpH9b+bEvijHmLLIq+BUtS2TQHXpkbNA=="
    }
  }
}
